SITE
  remote: http://community.opscode.com/api/v1
  specs:
    build-essential (1.4.2)
    chef-server (2.0.0)
    chef-solo-search (0.5.1)
    simple_iptables (0.3.0)
    ulimit (0.3.2)

GIT
  remote: https://github.com/allomov/redisio.git
  ref: 2.0.0_alpha
  sha: cbb199b22479d942a336d8d8d26f64d3cacd6e4c
  specs:
    redisio (2.1.1)
      build-essential (>= 0.0.0)
      ulimit (>= 0.1.2)

DEPENDENCIES
  chef-server (>= 0)
  chef-solo-search (>= 0)
  redisio (>= 0)
  simple_iptables (>= 0)

